
Microsoft Visual Studio Solution File, Format Version 12.00
# Visual Studio 15
VisualStudioVersion = 15.0.27130.2036
MinimumVisualStudioVersion = 10.0.40219.1
Project("{2150E333-8FDC-42A3-9474-1A3956D46DE8}") = "src", "src", "{E406AE0B-8D7A-4512-89F4-B3BA1F16F453}"
EndProject
Project("{FAE04EC0-301F-11D3-BF4B-00C04F79EFBC}") = "TamRiskProject", "TamRiskProject\TamRiskProject\TamRiskProject.csproj", "{1381FE30-B66D-49EB-BD82-8887102A2B8D}"
EndProject
Project("{FAE04EC0-301F-11D3-BF4B-00C04F79EFBC}") = "DAL", "TamRiskProject\DAL\DAL.csproj", "{B15A85E3-CF53-4718-AAC0-339E26D3175D}"
EndProject
Global
	GlobalSection(SolutionConfigurationPlatforms) = preSolution
		Debug|Any CPU = Debug|Any CPU
		Release|Any CPU = Release|Any CPU
	EndGlobalSection
	GlobalSection(ProjectConfigurationPlatforms) = postSolution
		{1381FE30-B66D-49EB-BD82-8887102A2B8D}.Debug|Any CPU.ActiveCfg = Debug|Any CPU
		{1381FE30-B66D-49EB-BD82-8887102A2B8D}.Debug|Any CPU.Build.0 = Debug|Any CPU
		{1381FE30-B66D-49EB-BD82-8887102A2B8D}.Release|Any CPU.ActiveCfg = Release|Any CPU
		{1381FE30-B66D-49EB-BD82-8887102A2B8D}.Release|Any CPU.Build.0 = Release|Any CPU
		{B15A85E3-CF53-4718-AAC0-339E26D3175D}.Debug|Any CPU.ActiveCfg = Debug|Any CPU
		{B15A85E3-CF53-4718-AAC0-339E26D3175D}.Debug|Any CPU.Build.0 = Debug|Any CPU
		{B15A85E3-CF53-4718-AAC0-339E26D3175D}.Release|Any CPU.ActiveCfg = Release|Any CPU
		{B15A85E3-CF53-4718-AAC0-339E26D3175D}.Release|Any CPU.Build.0 = Release|Any CPU
	EndGlobalSection
	GlobalSection(SolutionProperties) = preSolution
		HideSolutionNode = FALSE
	EndGlobalSection
	GlobalSection(NestedProjects) = preSolution
		{1381FE30-B66D-49EB-BD82-8887102A2B8D} = {E406AE0B-8D7A-4512-89F4-B3BA1F16F453}
		{B15A85E3-CF53-4718-AAC0-339E26D3175D} = {E406AE0B-8D7A-4512-89F4-B3BA1F16F453}
	EndGlobalSection
	GlobalSection(ExtensibilityGlobals) = postSolution
		SolutionGuid = {B7AED541-FA04-4074-8211-994E3431D480}
	EndGlobalSection
EndGlobal
